PODS:
  - UsingCoreBluetoothClassic5_iOS (0.0.1)

DEPENDENCIES:
  - UsingCoreBluetoothClassic5_iOS (from `../`)

EXTERNAL SOURCES:
  UsingCoreBluetoothClassic5_iOS:
    :path: "../"

SPEC CHECKSUMS:
  UsingCoreBluetoothClassic5_iOS: 4499d358104326aced87617fc87c795a4f589d2a

PODFILE CHECKSUM: 3b6080dd62e51b979b4ba4886b5c1de6675696d1

COCOAPODS: 1.8.4
